// !$*UTF8*$!
{
	archiveVersion = 1;
	classes = {
	};
	objectVersion = 56;
	objects = {

/* Begin PBXBuildFile section */
		AC18A4B229000A7600F4BF4A /* HomeView.swift in Sources */ = {isa = PBXBuildFile; fileRef = AC18A4B129000A7600F4BF4A /* HomeView.swift */; };
		AC18A4B429000A9E00F4BF4A /* HomeViewModel.swift in Sources */ = {isa = PBXBuildFile; fileRef = AC18A4B329000A9E00F4BF4A /* HomeViewModel.swift */; };
		AC18A4B629000CA200F4BF4A /* SplashViewRouter.swift in Sources */ = {isa = PBXBuildFile; fileRef = AC18A4B529000CA200F4BF4A /* SplashViewRouter.swift */; };
		AC18A4BD2900210F00F4BF4A /* HomeViewRouter.swift in Sources */ = {isa = PBXBuildFile; fileRef = AC18A4BC2900210F00F4BF4A /* HomeViewRouter.swift */; };
		AC18A4C12900246600F4BF4A /* ConfigView.swift in Sources */ = {isa = PBXBuildFile; fileRef = AC18A4C02900246600F4BF4A /* ConfigView.swift */; };
		AC18A4C42900260200F4BF4A /* BLEClient.swift in Sources */ = {isa = PBXBuildFile; fileRef = AC18A4C32900260200F4BF4A /* BLEClient.swift */; };
		AC46A9FD28FF8885001CC602 /* SplashView.swift in Sources */ = {isa = PBXBuildFile; fileRef = AC46A9FC28FF8885001CC602 /* SplashView.swift */; };
		AC46A9FF28FF88B1001CC602 /* SplashUiState.swift in Sources */ = {isa = PBXBuildFile; fileRef = AC46A9FE28FF88B1001CC602 /* SplashUiState.swift */; };
		AC46AA0228FF8B3B001CC602 /* SplashViewModel.swift in Sources */ = {isa = PBXBuildFile; fileRef = AC46AA0128FF8B3B001CC602 /* SplashViewModel.swift */; };
		AC5FBB2F28FF5D5700373328 /* HomeWeatherApp.swift in Sources */ = {isa = PBXBuildFile; fileRef = AC5FBB2E28FF5D5700373328 /* HomeWeatherApp.swift */; };
		AC5FBB3328FF5D5F00373328 /* Assets.xcassets in Resources */ = {isa = PBXBuildFile; fileRef = AC5FBB3228FF5D5F00373328 /* Assets.xcassets */; };
		AC5FBB3628FF5D5F00373328 /* Preview Assets.xcassets in Resources */ = {isa = PBXBuildFile; fileRef = AC5FBB3528FF5D5F00373328 /* Preview Assets.xcassets */; };
/* End PBXBuildFile section */

/* Begin PBXFileReference section */
		AC18A4B129000A7600F4BF4A /* HomeView.swift */ = {isa = PBXFileReference; lastKnownFileType = sourcecode.swift; path = HomeView.swift; sourceTree = "<group>"; };
		AC18A4B329000A9E00F4BF4A /* HomeViewModel.swift */ = {isa = PBXFileReference; lastKnownFileType = sourcecode.swift; path = HomeViewModel.swift; sourceTree = "<group>"; };
		AC18A4B529000CA200F4BF4A /* SplashViewRouter.swift */ = {isa = PBXFileReference; lastKnownFileType = sourcecode.swift; path = SplashViewRouter.swift; sourceTree = "<group>"; };
		AC18A4BC2900210F00F4BF4A /* HomeViewRouter.swift */ = {isa = PBXFileReference; lastKnownFileType = sourcecode.swift; path = HomeViewRouter.swift; sourceTree = "<group>"; };
		AC18A4C02900246600F4BF4A /* ConfigView.swift */ = {isa = PBXFileReference; lastKnownFileType = sourcecode.swift; path = ConfigView.swift; sourceTree = "<group>"; };
		AC18A4C32900260200F4BF4A /* BLEClient.swift */ = {isa = PBXFileReference; lastKnownFileType = sourcecode.swift; path = BLEClient.swift; sourceTree = "<group>"; };
		AC46A9FC28FF8885001CC602 /* SplashView.swift */ = {isa = PBXFileReference; lastKnownFileType = sourcecode.swift; path = SplashView.swift; sourceTree = "<group>"; };
		AC46A9FE28FF88B1001CC602 /* SplashUiState.swift */ = {isa = PBXFileReference; lastKnownFileType = sourcecode.swift; path = SplashUiState.swift; sourceTree = "<group>"; };
		AC46AA0128FF8B3B001CC602 /* SplashViewModel.swift */ = {isa = PBXFileReference; lastKnownFileType = sourcecode.swift; path = SplashViewModel.swift; sourceTree = "<group>"; };
		AC5FBB2B28FF5D5700373328 /* HomeWeather.app */ = {isa = PBXFileReference; explicitFileType = wrapper.application; includeInIndex = 0; path = HomeWeather.app; sourceTree = BUILT_PRODUCTS_DIR; };
		AC5FBB2E28FF5D5700373328 /* HomeWeatherApp.swift */ = {isa = PBXFileReference; lastKnownFileType = sourcecode.swift; path = HomeWeatherApp.swift; sourceTree = "<group>"; };
		AC5FBB3228FF5D5F00373328 /* Assets.xcassets */ = {isa = PBXFileReference; lastKnownFileType = folder.assetcatalog; path = Assets.xcassets; sourceTree = "<group>"; };
		AC5FBB3528FF5D5F00373328 /* Preview Assets.xcassets */ = {isa = PBXFileReference; lastKnownFileType = folder.assetcatalog; path = "Preview Assets.xcassets"; sourceTree = "<group>"; };
/* End PBXFileReference section */

/* Begin PBXFrameworksBuildPhase section */
		AC5FBB2828FF5D5700373328 /* Frameworks */ = {
			isa = PBXFrameworksBuildPhase;
			buildActionMask = 2147483647;
			files = (
			);
			runOnlyForDeploymentPostprocessing = 0;
		};
/* End PBXFrameworksBuildPhase section */

/* Begin PBXGroup section */
		AC18A4AD29000A2200F4BF4A /* Home */ = {
			isa = PBXGroup;
			children = (
				AC18A4B029000A5600F4BF4A /* Model */,
				AC18A4AF29000A4A00F4BF4A /* ViewModel */,
				AC18A4AE29000A4200F4BF4A /* View */,
			);
			path = Home;
			sourceTree = "<group>";
		};
		AC18A4AE29000A4200F4BF4A /* View */ = {
			isa = PBXGroup;
			children = (
				AC18A4B129000A7600F4BF4A /* HomeView.swift */,
			);
			path = View;
			sourceTree = "<group>";
		};
		AC18A4AF29000A4A00F4BF4A /* ViewModel */ = {
			isa = PBXGroup;
			children = (
				AC18A4BC2900210F00F4BF4A /* HomeViewRouter.swift */,
				AC18A4B329000A9E00F4BF4A /* HomeViewModel.swift */,
			);
			path = ViewModel;
			sourceTree = "<group>";
		};
		AC18A4B029000A5600F4BF4A /* Model */ = {
			isa = PBXGroup;
			children = (
			);
			path = Model;
			sourceTree = "<group>";
		};
		AC18A4B82900119A00F4BF4A /* Config */ = {
			isa = PBXGroup;
			children = (
				AC18A4BB290011B700F4BF4A /* ViewModel */,
				AC18A4BA290011AE00F4BF4A /* View */,
				AC18A4B9290011A400F4BF4A /* Model */,
			);
			path = Config;
			sourceTree = "<group>";
		};
		AC18A4B9290011A400F4BF4A /* Model */ = {
			isa = PBXGroup;
			children = (
			);
			path = Model;
			sourceTree = "<group>";
		};
		AC18A4BA290011AE00F4BF4A /* View */ = {
			isa = PBXGroup;
			children = (
				AC18A4C02900246600F4BF4A /* ConfigView.swift */,
			);
			path = View;
			sourceTree = "<group>";
		};
		AC18A4BB290011B700F4BF4A /* ViewModel */ = {
			isa = PBXGroup;
			children = (
			);
			path = ViewModel;
			sourceTree = "<group>";
		};
		AC18A4C2290025F000F4BF4A /* BLE */ = {
			isa = PBXGroup;
			children = (
				AC18A4C32900260200F4BF4A /* BLEClient.swift */,
			);
			path = BLE;
			sourceTree = "<group>";
		};
		AC46A9F928FF8837001CC602 /* View */ = {
			isa = PBXGroup;
			children = (
				AC46A9FC28FF8885001CC602 /* SplashView.swift */,
			);
			path = View;
			sourceTree = "<group>";
		};
		AC46A9FA28FF8840001CC602 /* Model */ = {
			isa = PBXGroup;
			children = (
				AC46A9FE28FF88B1001CC602 /* SplashUiState.swift */,
			);
			path = Model;
			sourceTree = "<group>";
		};
		AC46A9FB28FF8849001CC602 /* Spash */ = {
			isa = PBXGroup;
			children = (
				AC46AA0028FF8B1C001CC602 /* ViewModel */,
				AC46A9FA28FF8840001CC602 /* Model */,
				AC46A9F928FF8837001CC602 /* View */,
			);
			path = Spash;
			sourceTree = "<group>";
		};
		AC46AA0028FF8B1C001CC602 /* ViewModel */ = {
			isa = PBXGroup;
			children = (
				AC46AA0128FF8B3B001CC602 /* SplashViewModel.swift */,
				AC18A4B529000CA200F4BF4A /* SplashViewRouter.swift */,
			);
			path = ViewModel;
			sourceTree = "<group>";
		};
		AC5FBB2228FF5D5700373328 = {
			isa = PBXGroup;
			children = (
				AC5FBB2D28FF5D5700373328 /* HomeWeather */,
				AC5FBB2C28FF5D5700373328 /* Products */,
			);
			sourceTree = "<group>";
		};
		AC5FBB2C28FF5D5700373328 /* Products */ = {
			isa = PBXGroup;
			children = (
				AC5FBB2B28FF5D5700373328 /* HomeWeather.app */,
			);
			name = Products;
			sourceTree = "<group>";
		};
		AC5FBB2D28FF5D5700373328 /* HomeWeather */ = {
			isa = PBXGroup;
			children = (
				AC18A4C2290025F000F4BF4A /* BLE */,
				AC18A4B82900119A00F4BF4A /* Config */,
				AC18A4AD29000A2200F4BF4A /* Home */,
				AC46A9FB28FF8849001CC602 /* Spash */,
				AC5FBB2E28FF5D5700373328 /* HomeWeatherApp.swift */,
				AC5FBB3228FF5D5F00373328 /* Assets.xcassets */,
				AC5FBB3428FF5D5F00373328 /* Preview Content */,
			);
			path = HomeWeather;
			sourceTree = "<group>";
		};
		AC5FBB3428FF5D5F00373328 /* Preview Content */ = {
			isa = PBXGroup;
			children = (
				AC5FBB3528FF5D5F00373328 /* Preview Assets.xcassets */,
			);
			path = "Preview Content";
			sourceTree = "<group>";
		};
/* End PBXGroup section */

/* Begin PBXNativeTarget section */
		AC5FBB2A28FF5D5700373328 /* HomeWeather */ = {
			isa = PBXNativeTarget;
			buildConfigurationList = AC5FBB3928FF5D5F00373328 /* Build configuration list for PBXNativeTarget "HomeWeather" */;
			buildPhases = (
				AC5FBB2728FF5D5700373328 /* Sources */,
				AC5FBB2828FF5D5700373328 /* Frameworks */,
				AC5FBB2928FF5D5700373328 /* Resources */,
			);
			buildRules = (
			);
			dependencies = (
			);
			name = HomeWeather;
			productName = HomeWeather;
			productReference = AC5FBB2B28FF5D5700373328 /* HomeWeather.app */;
			productType = "com.apple.product-type.application";
		};
/* End PBXNativeTarget section */

/* Begin PBXProject section */
		AC5FBB2328FF5D5700373328 /* Project object */ = {
			isa = PBXProject;
			attributes = {
				BuildIndependentTargetsInParallel = 1;
				LastSwiftUpdateCheck = 1400;
				LastUpgradeCheck = 1400;
				TargetAttributes = {
					AC5FBB2A28FF5D5700373328 = {
						CreatedOnToolsVersion = 14.0.1;
					};
				};
			};
			buildConfigurationList = AC5FBB2628FF5D5700373328 /* Build configuration list for PBXProject "HomeWeather" */;
			compatibilityVersion = "Xcode 14.0";
			developmentRegion = en;
			hasScannedForEncodings = 0;
			knownRegions = (
				en,
				Base,
			);
			mainGroup = AC5FBB2228FF5D5700373328;
			productRefGroup = AC5FBB2C28FF5D5700373328 /* Products */;
			projectDirPath = "";
			projectRoot = "";
			targets = (
				AC5FBB2A28FF5D5700373328 /* HomeWeather */,
			);
		};
/* End PBXProject section */

/* Begin PBXResourcesBuildPhase section */
		AC5FBB2928FF5D5700373328 /* Resources */ = {
			isa = PBXResourcesBuildPhase;
			buildActionMask = 2147483647;
			files = (
				AC5FBB3628FF5D5F00373328 /* Preview Assets.xcassets in Resources */,
				AC5FBB3328FF5D5F00373328 /* Assets.xcassets in Resources */,
			);
			runOnlyForDeploymentPostprocessing = 0;
		};
/* End PBXResourcesBuildPhase section */

/* Begin PBXSourcesBuildPhase section */
		AC5FBB2728FF5D5700373328 /* Sources */ = {
			isa = PBXSourcesBuildPhase;
			buildActionMask = 2147483647;
			files = (
				AC5FBB2F28FF5D5700373328 /* HomeWeatherApp.swift in Sources */,
				AC18A4B429000A9E00F4BF4A /* HomeViewModel.swift in Sources */,
				AC46A9FD28FF8885001CC602 /* SplashView.swift in Sources */,
				AC18A4C12900246600F4BF4A /* ConfigView.swift in Sources */,
				AC46A9FF28FF88B1001CC602 /* SplashUiState.swift in Sources */,
				AC18A4BD2900210F00F4BF4A /* HomeViewRouter.swift in Sources */,
				AC18A4C42900260200F4BF4A /* BLEClient.swift in Sources */,
				AC18A4B229000A7600F4BF4A /* HomeView.swift in Sources */,
				AC18A4B629000CA200F4BF4A /* SplashViewRouter.swift in Sources */,
				AC46AA0228FF8B3B001CC602 /* SplashViewModel.swift in Sources */,
			);
			runOnlyForDeploymentPostprocessing = 0;
		};
/* End PBXSourcesBuildPhase section */

/* Begin XCBuildConfiguration section */
		AC5FBB3728FF5D5F00373328 /* Debug */ = {
			isa = XCBuildConfiguration;
			buildSettings = {
				ALWAYS_SEARCH_USER_PATHS = NO;
				CLANG_ANALYZER_NONNULL = YES;
				CLANG_ANALYZER_NUMBER_OBJECT_CONVERSION = YES_AGGRESSIVE;
				CLANG_CXX_LANGUAGE_STANDARD = "gnu++20";
				CLANG_ENABLE_MODULES = YES;
				CLANG_ENABLE_OBJC_ARC = YES;
				CLANG_ENABLE_OBJC_WEAK = YES;
				CLANG_WARN_BLOCK_CAPTURE_AUTORELEASING = YES;
				CLANG_WARN_BOOL_CONVERSION = YES;
				CLANG_WARN_COMMA = YES;
				CLANG_WARN_CONSTANT_CONVERSION = YES;
				CLANG_WARN_DEPRECATED_OBJC_IMPLEMENTATIONS = YES;
				CLANG_WARN_DIRECT_OBJC_ISA_USAGE = YES_ERROR;
				CLANG_WARN_DOCUMENTATION_COMMENTS = YES;
				CLANG_WARN_EMPTY_BODY = YES;
				CLANG_WARN_ENUM_CONVERSION = YES;
				CLANG_WARN_INFINITE_RECURSION = YES;
				CLANG_WARN_INT_CONVERSION = YES;
				CLANG_WARN_NON_LITERAL_NULL_CONVERSION = YES;
				CLANG_WARN_OBJC_IMPLICIT_RETAIN_SELF = YES;
				CLANG_WARN_OBJC_LITERAL_CONVERSION = YES;
				CLANG_WARN_OBJC_ROOT_CLASS = YES_ERROR;
				CLANG_WARN_QUOTED_INCLUDE_IN_FRAMEWORK_HEADER = YES;
				CLANG_WARN_RANGE_LOOP_ANALYSIS = YES;
				CLANG_WARN_STRICT_PROTOTYPES = YES;
				CLANG_WARN_SUSPICIOUS_MOVE = YES;
				CLANG_WARN_UNGUARDED_AVAILABILITY = YES_AGGRESSIVE;
				CLANG_WARN_UNREACHABLE_CODE = YES;
				CLANG_WARN__DUPLICATE_METHOD_MATCH = YES;
				COPY_PHASE_STRIP = NO;
				DEBUG_INFORMATION_FORMAT = dwarf;
				ENABLE_STRICT_OBJC_MSGSEND = YES;
				ENABLE_TESTABILITY = YES;
				GCC_C_LANGUAGE_STANDARD = gnu11;
				GCC_DYNAMIC_NO_PIC = NO;
				GCC_NO_COMMON_BLOCKS = YES;
				GCC_OPTIMIZATION_LEVEL = 0;
				GCC_PREPROCESSOR_DEFINITIONS = (
					"DEBUG=1",
					"$(inherited)",
				);
				GCC_WARN_64_TO_32_BIT_CONVERSION = YES;
				GCC_WARN_ABOUT_RETURN_TYPE = YES_ERROR;
				GCC_WARN_UNDECLARED_SELECTOR = YES;
				GCC_WARN_UNINITIALIZED_AUTOS = YES_AGGRESSIVE;
				GCC_WARN_UNUSED_FUNCTION = YES;
				GCC_WARN_UNUSED_VARIABLE = YES;
				IPHONEOS_DEPLOYMENT_TARGET = 16.0;
				MTL_ENABLE_DEBUG_INFO = INCLUDE_SOURCE;
				MTL_FAST_MATH = YES;
				ONLY_ACTIVE_ARCH = YES;
				SDKROOT = iphoneos;
				SWIFT_ACTIVE_COMPILATION_CONDITIONS = DEBUG;
				SWIFT_OPTIMIZATION_LEVEL = "-Onone";
			};
			name = Debug;
		};
		AC5FBB3828FF5D5F00373328 /* Release */ = {
			isa = XCBuildConfiguration;
			buildSettings = {
				ALWAYS_SEARCH_USER_PATHS = NO;
				CLANG_ANALYZER_NONNULL = YES;
				CLANG_ANALYZER_NUMBER_OBJECT_CONVERSION = YES_AGGRESSIVE;
				CLANG_CXX_LANGUAGE_STANDARD = "gnu++20";
				CLANG_ENABLE_MODULES = YES;
				CLANG_ENABLE_OBJC_ARC = YES;
				CLANG_ENABLE_OBJC_WEAK = YES;
				CLANG_WARN_BLOCK_CAPTURE_AUTORELEASING = YES;
				CLANG_WARN_BOOL_CONVERSION = YES;
				CLANG_WARN_COMMA = YES;
				CLANG_WARN_CONSTANT_CONVERSION = YES;
				CLANG_WARN_DEPRECATED_OBJC_IMPLEMENTATIONS = YES;
				CLANG_WARN_DIRECT_OBJC_ISA_USAGE = YES_ERROR;
				CLANG_WARN_DOCUMENTATION_COMMENTS = YES;
				CLANG_WARN_EMPTY_BODY = YES;
				CLANG_WARN_ENUM_CONVERSION = YES;
				CLANG_WARN_INFINITE_RECURSION = YES;
				CLANG_WARN_INT_CONVERSION = YES;
				CLANG_WARN_NON_LITERAL_NULL_CONVERSION = YES;
				CLANG_WARN_OBJC_IMPLICIT_RETAIN_SELF = YES;
				CLANG_WARN_OBJC_LITERAL_CONVERSION = YES;
				CLANG_WARN_OBJC_ROOT_CLASS = YES_ERROR;
				CLANG_WARN_QUOTED_INCLUDE_IN_FRAMEWORK_HEADER = YES;
				CLANG_WARN_RANGE_LOOP_ANALYSIS = YES;
				CLANG_WARN_STRICT_PROTOTYPES = YES;
				CLANG_WARN_SUSPICIOUS_MOVE = YES;
				CLANG_WARN_UNGUARDED_AVAILABILITY = YES_AGGRESSIVE;
				CLANG_WARN_UNREACHABLE_CODE = YES;
				CLANG_WARN__DUPLICATE_METHOD_MATCH = YES;
				COPY_PHASE_STRIP = NO;
				DEBUG_INFORMATION_FORMAT = "dwarf-with-dsym";
				ENABLE_NS_ASSERTIONS = NO;
				ENABLE_STRICT_OBJC_MSGSEND = YES;
				GCC_C_LANGUAGE_STANDARD = gnu11;
				GCC_NO_COMMON_BLOCKS = YES;
				GCC_WARN_64_TO_32_BIT_CONVERSION = YES;
				GCC_WARN_ABOUT_RETURN_TYPE = YES_ERROR;
				GCC_WARN_UNDECLARED_SELECTOR = YES;
				GCC_WARN_UNINITIALIZED_AUTOS = YES_AGGRESSIVE;
				GCC_WARN_UNUSED_FUNCTION = YES;
				GCC_WARN_UNUSED_VARIABLE = YES;
				IPHONEOS_DEPLOYMENT_TARGET = 16.0;
				MTL_ENABLE_DEBUG_INFO = NO;
				MTL_FAST_MATH = YES;
				SDKROOT = iphoneos;
				SWIFT_COMPILATION_MODE = wholemodule;
				SWIFT_OPTIMIZATION_LEVEL = "-O";
				VALIDATE_PRODUCT = YES;
			};
			name = Release;
		};
		AC5FBB3A28FF5D5F00373328 /* Debug */ = {
			isa = XCBuildConfiguration;
			buildSettings = {
				ASSETCATALOG_COMPILER_APPICON_NAME = AppIcon;
				ASSETCATALOG_COMPILER_GLOBAL_ACCENT_COLOR_NAME = AccentColor;
				CODE_SIGN_STYLE = Automatic;
				CURRENT_PROJECT_VERSION = 1;
				DEVELOPMENT_ASSET_PATHS = "\"HomeWeather/Preview Content\"";
				DEVELOPMENT_TEAM = 6PLG2A5883;
				ENABLE_PREVIEWS = YES;
				GENERATE_INFOPLIST_FILE = YES;
				INFOPLIST_KEY_NSBluetoothAlwaysUsageDescription = "Permitir Bluetooh?";
				INFOPLIST_KEY_UIApplicationSceneManifest_Generation = YES;
				INFOPLIST_KEY_UIApplicationSupportsIndirectInputEvents = YES;
				INFOPLIST_KEY_UILaunchScreen_Generation = YES;
				INFOPLIST_KEY_UISupportedInterfaceOrientations_iPad = "UIInterfaceOrientationPortrait UIInterfaceOrientationPortraitUpsideDown UIInterfaceOrientationLandscapeLeft UIInterfaceOrientationLandscapeRight";
				INFOPLIST_KEY_UISupportedInterfaceOrientations_iPhone = "UIInterfaceOrientationPortrait UIInterfaceOrientationLandscapeLeft UIInterfaceOrientationLandscapeRight";
				IPHONEOS_DEPLOYMENT_TARGET = 15.1;
				LD_RUNPATH_SEARCH_PATHS = (
					"$(inherited)",
					"@executable_path/Frameworks",
				);
				MARKETING_VERSION = 1.0;
				PRODUCT_BUNDLE_IDENTIFIER = com.alexandresouto.HomeWeather;
				PRODUCT_NAME = "$(TARGET_NAME)";
				SUPPORTED_PLATFORMS = "iphoneos iphonesimulator";
				SUPPORTS_MACCATALYST = NO;
				SUPPORTS_MAC_DESIGNED_FOR_IPHONE_IPAD = NO;
				SWIFT_EMIT_LOC_STRINGS = YES;
				SWIFT_VERSION = 5.0;
				TARGETED_DEVICE_FAMILY = "1,2";
			};
			name = Debug;
		};
		AC5FBB3B28FF5D5F00373328 /* Release */ = {
			isa = XCBuildConfiguration;
			buildSettings = {
				ASSETCATALOG_COMPILER_APPICON_NAME = AppIcon;
				ASSETCATALOG_COMPILER_GLOBAL_ACCENT_COLOR_NAME = AccentColor;
				CODE_SIGN_STYLE = Automatic;
				CURRENT_PROJECT_VERSION = 1;
				DEVELOPMENT_ASSET_PATHS = "\"HomeWeather/Preview Content\"";
				DEVELOPMENT_TEAM = 6PLG2A5883;
				ENABLE_PREVIEWS = YES;
				GENERATE_INFOPLIST_FILE = YES;
				INFOPLIST_KEY_NSBluetoothAlwaysUsageDescription = "Permitir Bluetooh?";
				INFOPLIST_KEY_UIApplicationSceneManifest_Generation = YES;
				INFOPLIST_KEY_UIApplicationSupportsIndirectInputEvents = YES;
				INFOPLIST_KEY_UILaunchScreen_Generation = YES;
				INFOPLIST_KEY_UISupportedInterfaceOrientations_iPad = "UIInterfaceOrientationPortrait UIInterfaceOrientationPortraitUpsideDown UIInterfaceOrientationLandscapeLeft UIInterfaceOrientationLandscapeRight";
				INFOPLIST_KEY_UISupportedInterfaceOrientations_iPhone = "UIInterfaceOrientationPortrait UIInterfaceOrientationLandscapeLeft UIInterfaceOrientationLandscapeRight";
				IPHONEOS_DEPLOYMENT_TARGET = 15.1;
				LD_RUNPATH_SEARCH_PATHS = (
					"$(inherited)",
					"@executable_path/Frameworks",
				);
				MARKETING_VERSION = 1.0;
				PRODUCT_BUNDLE_IDENTIFIER = com.alexandresouto.HomeWeather;
				PRODUCT_NAME = "$(TARGET_NAME)";
				SUPPORTED_PLATFORMS = "iphoneos iphonesimulator";
				SUPPORTS_MACCATALYST = NO;
				SUPPORTS_MAC_DESIGNED_FOR_IPHONE_IPAD = NO;
				SWIFT_EMIT_LOC_STRINGS = YES;
				SWIFT_VERSION = 5.0;
				TARGETED_DEVICE_FAMILY = "1,2";
			};
			name = Release;
		};
/* End XCBuildConfiguration section */

/* Begin XCConfigurationList section */
		AC5FBB2628FF5D5700373328 /* Build configuration list for PBXProject "HomeWeather" */ = {
			isa = XCConfigurationList;
			buildConfigurations = (
				AC5FBB3728FF5D5F00373328 /* Debug */,
				AC5FBB3828FF5D5F00373328 /* Release */,
			);
			defaultConfigurationIsVisible = 0;
			defaultConfigurationName = Release;
		};
		AC5FBB3928FF5D5F00373328 /* Build configuration list for PBXNativeTarget "HomeWeather" */ = {
			isa = XCConfigurationList;
			buildConfigurations = (
				AC5FBB3A28FF5D5F00373328 /* Debug */,
				AC5FBB3B28FF5D5F00373328 /* Release */,
			);
			defaultConfigurationIsVisible = 0;
			defaultConfigurationName = Release;
		};
/* End XCConfigurationList section */
	};
	rootObject = AC5FBB2328FF5D5700373328 /* Project object */;
}
